
Microsoft Visual Studio Solution File, Format Version 12.00
# Visual Studio Version 17
VisualStudioVersion = 17.8.34408.163
MinimumVisualStudioVersion = 10.0.40219.1
Project("{9A19103F-16F7-4668-BE54-9A1E7A4F7556}") = "MedEquipCentral", "MedEquipCentral.csproj", "{5426C950-263B-4D49-984A-2D728F9A5AC3}"
EndProject
Global
	GlobalSection(SolutionConfigurationPlatforms) = preSolution
		Debug|Any CPU = Debug|Any CPU
		Release|Any CPU = Release|Any CPU
	EndGlobalSection
	GlobalSection(ProjectConfigurationPlatforms) = postSolution
		{5426C950-263B-4D49-984A-2D728F9A5AC3}.Debug|Any CPU.ActiveCfg = Debug|Any CPU
		{5426C950-263B-4D49-984A-2D728F9A5AC3}.Debug|Any CPU.Build.0 = Debug|Any CPU
		{5426C950-263B-4D49-984A-2D728F9A5AC3}.Release|Any CPU.ActiveCfg = Release|Any CPU
		{5426C950-263B-4D49-984A-2D728F9A5AC3}.Release|Any CPU.Build.0 = Release|Any CPU
	EndGlobalSection
	GlobalSection(SolutionProperties) = preSolution
		HideSolutionNode = FALSE
	EndGlobalSection
	GlobalSection(ExtensibilityGlobals) = postSolution
		SolutionGuid = {2F886E96-2045-4043-A2DF-EA2AF0F7219E}
	EndGlobalSection
EndGlobal
